
Microsoft Visual Studio Solution File, Format Version 12.00
# Visual Studio Version 16
VisualStudioVersion = 16.0.31515.178
MinimumVisualStudioVersion = 10.0.40219.1
Project("{9A19103F-16F7-4668-BE54-9A1E7A4F7556}") = "WeatherWebApp", "WeatherWebApp\WeatherWebApp.csproj", "{F54D0D22-28B9-4B23-8A32-66E5F92C47BC}"
EndProject
Global
	GlobalSection(SolutionConfigurationPlatforms) = preSolution
		Debug|Any CPU = Debug|Any CPU
		Release|Any CPU = Release|Any CPU
	EndGlobalSection
	GlobalSection(ProjectConfigurationPlatforms) = postSolution
		{F54D0D22-28B9-4B23-8A32-66E5F92C47BC}.Debug|Any CPU.ActiveCfg = Debug|Any CPU
		{F54D0D22-28B9-4B23-8A32-66E5F92C47BC}.Debug|Any CPU.Build.0 = Debug|Any CPU
		{F54D0D22-28B9-4B23-8A32-66E5F92C47BC}.Release|Any CPU.ActiveCfg = Release|Any CPU
		{F54D0D22-28B9-4B23-8A32-66E5F92C47BC}.Release|Any CPU.Build.0 = Release|Any CPU
	EndGlobalSection
	GlobalSection(SolutionProperties) = preSolution
		HideSolutionNode = FALSE
	EndGlobalSection
	GlobalSection(ExtensibilityGlobals) = postSolution
		SolutionGuid = {8A04EDB8-9BAE-4625-AC66-5C81E0F4120D}
	EndGlobalSection
EndGlobal
